// !$*UTF8*$!
{
	archiveVersion = 1;
	classes = {
	};
	objectVersion = 48;
	objects = {

/* Begin PBXBuildFile section */
		33426D6B201B58E500EF1EF5 /* BacklogModel.swift in Sources */ = {isa = PBXBuildFile; fileRef = 33426D6A201B58E500EF1EF5 /* BacklogModel.swift */; };
		33426D6E201B671600EF1EF5 /* Backlog.xcdatamodeld in Sources */ = {isa = PBXBuildFile; fileRef = 33426D6C201B671600EF1EF5 /* Backlog.xcdatamodeld */; };
		33426D72201B7CFE00EF1EF5 /* DisplayTableViewController.swift in Sources */ = {isa = PBXBuildFile; fileRef = 33426D71201B7CFE00EF1EF5 /* DisplayTableViewController.swift */; };
		3369C528201644CF00AF614C /* AppDelegate.swift in Sources */ = {isa = PBXBuildFile; fileRef = 3369C527201644CF00AF614C /* AppDelegate.swift */; };
		3369C52A201644CF00AF614C /* ViewController.swift in Sources */ = {isa = PBXBuildFile; fileRef = 3369C529201644CF00AF614C /* ViewController.swift */; };
		3369C52D201644CF00AF614C /* Main.storyboard in Resources */ = {isa = PBXBuildFile; fileRef = 3369C52B201644CF00AF614C /* Main.storyboard */; };
		3369C52F201644CF00AF614C /* Assets.xcassets in Resources */ = {isa = PBXBuildFile; fileRef = 3369C52E201644CF00AF614C /* Assets.xcassets */; };
		3369C532201644CF00AF614C /* LaunchScreen.storyboard in Resources */ = {isa = PBXBuildFile; fileRef = 3369C530201644CF00AF614C /* LaunchScreen.storyboard */; };
/* End PBXBuildFile section */

/* Begin PBXFileReference section */
		33426D6A201B58E500EF1EF5 /* BacklogModel.swift */ = {isa = PBXFileReference; lastKnownFileType = sourcecode.swift; path = BacklogModel.swift; sourceTree = "<group>"; };
		33426D6D201B671600EF1EF5 /* Backlog.xcdatamodel */ = {isa = PBXFileReference; lastKnownFileType = wrapper.xcdatamodel; path = Backlog.xcdatamodel; sourceTree = "<group>"; };
		33426D71201B7CFE00EF1EF5 /* DisplayTableViewController.swift */ = {isa = PBXFileReference; lastKnownFileType = sourcecode.swift; path = DisplayTableViewController.swift; sourceTree = "<group>"; };
		3369C524201644CF00AF614C /* BacklogList.app */ = {isa = PBXFileReference; explicitFileType = wrapper.application; includeInIndex = 0; path = BacklogList.app; sourceTree = BUILT_PRODUCTS_DIR; };
		3369C527201644CF00AF614C /* AppDelegate.swift */ = {isa = PBXFileReference; lastKnownFileType = sourcecode.swift; path = AppDelegate.swift; sourceTree = "<group>"; };
		3369C529201644CF00AF614C /* ViewController.swift */ = {isa = PBXFileReference; lastKnownFileType = sourcecode.swift; path = ViewController.swift; sourceTree = "<group>"; };
		3369C52C201644CF00AF614C /* Base */ = {isa = PBXFileReference; lastKnownFileType = file.storyboard; name = Base; path = Base.lproj/Main.storyboard; sourceTree = "<group>"; };
		3369C52E201644CF00AF614C /* Assets.xcassets */ = {isa = PBXFileReference; lastKnownFileType = folder.assetcatalog; path = Assets.xcassets; sourceTree = "<group>"; };
		3369C531201644CF00AF614C /* Base */ = {isa = PBXFileReference; lastKnownFileType = file.storyboard; name = Base; path = Base.lproj/LaunchScreen.storyboard; sourceTree = "<group>"; };
		3369C533201644CF00AF614C /* Info.plist */ = {isa = PBXFileReference; lastKnownFileType = text.plist.xml; path = Info.plist; sourceTree = "<group>"; };
/* End PBXFileReference section */

/* Begin PBXFrameworksBuildPhase section */
		3369C521201644CF00AF614C /* Frameworks */ = {
			isa = PBXFrameworksBuildPhase;
			buildActionMask = 2147483647;
			files = (
			);
			runOnlyForDeploymentPostprocessing = 0;
		};
/* End PBXFrameworksBuildPhase section */

/* Begin PBXGroup section */
		3369C51B201644CF00AF614C = {
			isa = PBXGroup;
			children = (
				3369C526201644CF00AF614C /* BacklogList */,
				3369C525201644CF00AF614C /* Products */,
			);
			sourceTree = "<group>";
		};
		3369C525201644CF00AF614C /* Products */ = {
			isa = PBXGroup;
			children = (
				3369C524201644CF00AF614C /* BacklogList.app */,
			);
			name = Products;
			sourceTree = "<group>";
		};
		3369C526201644CF00AF614C /* BacklogList */ = {
			isa = PBXGroup;
			children = (
				3369C527201644CF00AF614C /* AppDelegate.swift */,
				3369C529201644CF00AF614C /* ViewController.swift */,
				33426D71201B7CFE00EF1EF5 /* DisplayTableViewController.swift */,
				33426D6C201B671600EF1EF5 /* Backlog.xcdatamodeld */,
				33426D6A201B58E500EF1EF5 /* BacklogModel.swift */,
				3369C52B201644CF00AF614C /* Main.storyboard */,
				3369C52E201644CF00AF614C /* Assets.xcassets */,
				3369C530201644CF00AF614C /* LaunchScreen.storyboard */,
				3369C533201644CF00AF614C /* Info.plist */,
			);
			path = BacklogList;
			sourceTree = "<group>";
		};
/* End PBXGroup section */

/* Begin PBXNativeTarget section */
		3369C523201644CF00AF614C /* BacklogList */ = {
			isa = PBXNativeTarget;
			buildConfigurationList = 3369C536201644CF00AF614C /* Build configuration list for PBXNativeTarget "BacklogList" */;
			buildPhases = (
				3369C520201644CF00AF614C /* Sources */,
				3369C521201644CF00AF614C /* Frameworks */,
				3369C522201644CF00AF614C /* Resources */,
			);
			buildRules = (
			);
			dependencies = (
			);
			name = BacklogList;
			productName = BacklogList;
			productReference = 3369C524201644CF00AF614C /* BacklogList.app */;
			productType = "com.apple.product-type.application";
		};
/* End PBXNativeTarget section */

/* Begin PBXProject section */
		3369C51C201644CF00AF614C /* Project object */ = {
			isa = PBXProject;
			attributes = {
				LastSwiftUpdateCheck = 0910;
				LastUpgradeCheck = 0910;
				ORGANIZATIONNAME = "UNG CSCI 3660";
				TargetAttributes = {
					3369C523201644CF00AF614C = {
						CreatedOnToolsVersion = 9.1;
						ProvisioningStyle = Automatic;
					};
				};
			};
			buildConfigurationList = 3369C51F201644CF00AF614C /* Build configuration list for PBXProject "BacklogList" */;
			compatibilityVersion = "Xcode 8.0";
			developmentRegion = en;
			hasScannedForEncodings = 0;
			knownRegions = (
				en,
				Base,
			);
			mainGroup = 3369C51B201644CF00AF614C;
			productRefGroup = 3369C525201644CF00AF614C /* Products */;
			projectDirPath = "";
			projectRoot = "";
			targets = (
				3369C523201644CF00AF614C /* BacklogList */,
			);
		};
/* End PBXProject section */

/* Begin PBXResourcesBuildPhase section */
		3369C522201644CF00AF614C /* Resources */ = {
			isa = PBXResourcesBuildPhase;
			buildActionMask = 2147483647;
			files = (
				3369C532201644CF00AF614C /* LaunchScreen.storyboard in Resources */,
				3369C52F201644CF00AF614C /* Assets.xcassets in Resources */,
				3369C52D201644CF00AF614C /* Main.storyboard in Resources */,
			);
			runOnlyForDeploymentPostprocessing = 0;
		};
/* End PBXResourcesBuildPhase section */

/* Begin PBXSourcesBuildPhase section */
		3369C520201644CF00AF614C /* Sources */ = {
			isa = PBXSourcesBuildPhase;
			buildActionMask = 2147483647;
			files = (
				3369C52A201644CF00AF614C /* ViewController.swift in Sources */,
				33426D6B201B58E500EF1EF5 /* BacklogModel.swift in Sources */,
				3369C528201644CF00AF614C /* AppDelegate.swift in Sources */,
				33426D6E201B671600EF1EF5 /* Backlog.xcdatamodeld in Sources */,
				33426D72201B7CFE00EF1EF5 /* DisplayTableViewController.swift in Sources */,
			);
			runOnlyForDeploymentPostprocessing = 0;
		};
/* End PBXSourcesBuildPhase section */

/* Begin PBXVariantGroup section */
		3369C52B201644CF00AF614C /* Main.storyboard */ = {
			isa = PBXVariantGroup;
			children = (
				3369C52C201644CF00AF614C /* Base */,
			);
			name = Main.storyboard;
			sourceTree = "<group>";
		};
		3369C530201644CF00AF614C /* LaunchScreen.storyboard */ = {
			isa = PBXVariantGroup;
			children = (
				3369C531201644CF00AF614C /* Base */,
			);
			name = LaunchScreen.storyboard;
			sourceTree = "<group>";
		};
/* End PBXVariantGroup section */

/* Begin XCBuildConfiguration section */
		3369C534201644CF00AF614C /* Debug */ = {
			isa = XCBuildConfiguration;
			buildSettings = {
				ALWAYS_SEARCH_USER_PATHS = NO;
				CLANG_ANALYZER_NONNULL = YES;
				CLANG_ANALYZER_NUMBER_OBJECT_CONVERSION = YES_AGGRESSIVE;
				CLANG_CXX_LANGUAGE_STANDARD = "gnu++14";
				CLANG_CXX_LIBRARY = "libc++";
				CLANG_ENABLE_MODULES = YES;
				CLANG_ENABLE_OBJC_ARC = YES;
				CLANG_WARN_BLOCK_CAPTURE_AUTORELEASING = YES;
				CLANG_WARN_BOOL_CONVERSION = YES;
				CLANG_WARN_COMMA = YES;
				CLANG_WARN_CONSTANT_CONVERSION = YES;
				CLANG_WARN_DIRECT_OBJC_ISA_USAGE = YES_ERROR;
				CLANG_WARN_DOCUMENTATION_COMMENTS = YES;
				CLANG_WARN_EMPTY_BODY = YES;
				CLANG_WARN_ENUM_CONVERSION = YES;
				CLANG_WARN_INFINITE_RECURSION = YES;
				CLANG_WARN_INT_CONVERSION = YES;
				CLANG_WARN_NON_LITERAL_NULL_CONVERSION = YES;
				CLANG_WARN_OBJC_LITERAL_CONVERSION = YES;
				CLANG_WARN_OBJC_ROOT_CLASS = YES_ERROR;
				CLANG_WARN_RANGE_LOOP_ANALYSIS = YES;
				CLANG_WARN_STRICT_PROTOTYPES = YES;
				CLANG_WARN_SUSPICIOUS_MOVE = YES;
				CLANG_WARN_UNGUARDED_AVAILABILITY = YES_AGGRESSIVE;
				CLANG_WARN_UNREACHABLE_CODE = YES;
				CLANG_WARN__DUPLICATE_METHOD_MATCH = YES;
				CODE_SIGN_IDENTITY = "iPhone Developer";
				COPY_PHASE_STRIP = NO;
				DEBUG_INFORMATION_FORMAT = dwarf;
				ENABLE_STRICT_OBJC_MSGSEND = YES;
				ENABLE_TESTABILITY = YES;
				GCC_C_LANGUAGE_STANDARD = gnu11;
				GCC_DYNAMIC_NO_PIC = NO;
				GCC_NO_COMMON_BLOCKS = YES;
				GCC_OPTIMIZATION_LEVEL = 0;
				GCC_PREPROCESSOR_DEFINITIONS = (
					"DEBUG=1",
					"$(inherited)",
				);
				GCC_WARN_64_TO_32_BIT_CONVERSION = YES;
				GCC_WARN_ABOUT_RETURN_TYPE = YES_ERROR;
				GCC_WARN_UNDECLARED_SELECTOR = YES;
				GCC_WARN_UNINITIALIZED_AUTOS = YES_AGGRESSIVE;
				GCC_WARN_UNUSED_FUNCTION = YES;
				GCC_WARN_UNUSED_VARIABLE = YES;
				IPHONEOS_DEPLOYMENT_TARGET = 11.1;
				MTL_ENABLE_DEBUG_INFO = YES;
				ONLY_ACTIVE_ARCH = YES;
				SDKROOT = iphoneos;
				SWIFT_ACTIVE_COMPILATION_CONDITIONS = DEBUG;
				SWIFT_OPTIMIZATION_LEVEL = "-Onone";
			};
			name = Debug;
		};
		3369C535201644CF00AF614C /* Release */ = {
			isa = XCBuildConfiguration;
			buildSettings = {
				ALWAYS_SEARCH_USER_PATHS = NO;
				CLANG_ANALYZER_NONNULL = YES;
				CLANG_ANALYZER_NUMBER_OBJECT_CONVERSION = YES_AGGRESSIVE;
				CLANG_CXX_LANGUAGE_STANDARD = "gnu++14";
				CLANG_CXX_LIBRARY = "libc++";
				CLANG_ENABLE_MODULES = YES;
				CLANG_ENABLE_OBJC_ARC = YES;
				CLANG_WARN_BLOCK_CAPTURE_AUTORELEASING = YES;
				CLANG_WARN_BOOL_CONVERSION = YES;
				CLANG_WARN_COMMA = YES;
				CLANG_WARN_CONSTANT_CONVERSION = YES;
				CLANG_WARN_DIRECT_OBJC_ISA_USAGE = YES_ERROR;
				CLANG_WARN_DOCUMENTATION_COMMENTS = YES;
				CLANG_WARN_EMPTY_BODY = YES;
				CLANG_WARN_ENUM_CONVERSION = YES;
				CLANG_WARN_INFINITE_RECURSION = YES;
				CLANG_WARN_INT_CONVERSION = YES;
				CLANG_WARN_NON_LITERAL_NULL_CONVERSION = YES;
				CLANG_WARN_OBJC_LITERAL_CONVERSION = YES;
				CLANG_WARN_OBJC_ROOT_CLASS = YES_ERROR;
				CLANG_WARN_RANGE_LOOP_ANALYSIS = YES;
				CLANG_WARN_STRICT_PROTOTYPES = YES;
				CLANG_WARN_SUSPICIOUS_MOVE = YES;
				CLANG_WARN_UNGUARDED_AVAILABILITY = YES_AGGRESSIVE;
				CLANG_WARN_UNREACHABLE_CODE = YES;
				CLANG_WARN__DUPLICATE_METHOD_MATCH = YES;
				CODE_SIGN_IDENTITY = "iPhone Developer";
				COPY_PHASE_STRIP = NO;
				DEBUG_INFORMATION_FORMAT = "dwarf-with-dsym";
				ENABLE_NS_ASSERTIONS = NO;
				ENABLE_STRICT_OBJC_MSGSEND = YES;
				GCC_C_LANGUAGE_STANDARD = gnu11;
				GCC_NO_COMMON_BLOCKS = YES;
				GCC_WARN_64_TO_32_BIT_CONVERSION = YES;
				GCC_WARN_ABOUT_RETURN_TYPE = YES_ERROR;
				GCC_WARN_UNDECLARED_SELECTOR = YES;
				GCC_WARN_UNINITIALIZED_AUTOS = YES_AGGRESSIVE;
				GCC_WARN_UNUSED_FUNCTION = YES;
				GCC_WARN_UNUSED_VARIABLE = YES;
				IPHONEOS_DEPLOYMENT_TARGET = 11.1;
				MTL_ENABLE_DEBUG_INFO = NO;
				SDKROOT = iphoneos;
				SWIFT_OPTIMIZATION_LEVEL = "-Owholemodule";
				VALIDATE_PRODUCT = YES;
			};
			name = Release;
		};
		3369C537201644CF00AF614C /* Debug */ = {
			isa = XCBuildConfiguration;
			buildSettings = {
				ASSETCATALOG_COMPILER_APPICON_NAME = AppIcon;
				CODE_SIGN_STYLE = Automatic;
				DEVELOPMENT_TEAM = WPHC2V53MC;
				INFOPLIST_FILE = BacklogList/Info.plist;
				LD_RUNPATH_SEARCH_PATHS = "$(inherited) @executable_path/Frameworks";
				PRODUCT_BUNDLE_IDENTIFIER = edu.ung.csci3660.sample0.BacklogList;
				PRODUCT_NAME = "$(TARGET_NAME)";
				SWIFT_VERSION = 4.0;
				TARGETED_DEVICE_FAMILY = "1,2";
			};
			name = Debug;
		};
		3369C538201644CF00AF614C /* Release */ = {
			isa = XCBuildConfiguration;
			buildSettings = {
				ASSETCATALOG_COMPILER_APPICON_NAME = AppIcon;
				CODE_SIGN_STYLE = Automatic;
				DEVELOPMENT_TEAM = WPHC2V53MC;
				INFOPLIST_FILE = BacklogList/Info.plist;
				LD_RUNPATH_SEARCH_PATHS = "$(inherited) @executable_path/Frameworks";
				PRODUCT_BUNDLE_IDENTIFIER = edu.ung.csci3660.sample0.BacklogList;
				PRODUCT_NAME = "$(TARGET_NAME)";
				SWIFT_VERSION = 4.0;
				TARGETED_DEVICE_FAMILY = "1,2";
			};
			name = Release;
		};
/* End XCBuildConfiguration section */

/* Begin XCConfigurationList section */
		3369C51F201644CF00AF614C /* Build configuration list for PBXProject "BacklogList" */ = {
			isa = XCConfigurationList;
			buildConfigurations = (
				3369C534201644CF00AF614C /* Debug */,
				3369C535201644CF00AF614C /* Release */,
			);
			defaultConfigurationIsVisible = 0;
			defaultConfigurationName = Release;
		};
		3369C536201644CF00AF614C /* Build configuration list for PBXNativeTarget "BacklogList" */ = {
			isa = XCConfigurationList;
			buildConfigurations = (
				3369C537201644CF00AF614C /* Debug */,
				3369C538201644CF00AF614C /* Release */,
			);
			defaultConfigurationIsVisible = 0;
			defaultConfigurationName = Release;
		};
/* End XCConfigurationList section */

/* Begin XCVersionGroup section */
		33426D6C201B671600EF1EF5 /* Backlog.xcdatamodeld */ = {
			isa = XCVersionGroup;
			children = (
				33426D6D201B671600EF1EF5 /* Backlog.xcdatamodel */,
			);
			currentVersion = 33426D6D201B671600EF1EF5 /* Backlog.xcdatamodel */;
			path = Backlog.xcdatamodeld;
			sourceTree = "<group>";
			versionGroupType = wrapper.xcdatamodel;
		};
/* End XCVersionGroup section */
	};
	rootObject = 3369C51C201644CF00AF614C /* Project object */;
}
